
Microsoft Visual Studio Solution File, Format Version 12.00
# Visual Studio Version 16
VisualStudioVersion = 16.0.32106.194
MinimumVisualStudioVersion = 10.0.40219.1
Project("{FAE04EC0-301F-11D3-BF4B-00C04F79EFBC}") = "ElibraryManagment", "WebApplication1\ElibraryManagment.csproj", "{ADD1058E-B195-4D8F-A8F8-C06EAB6246C1}"
EndProject
Global
	GlobalSection(SolutionConfigurationPlatforms) = preSolution
		Debug|Any CPU = Debug|Any CPU
		Release|Any CPU = Release|Any CPU
	EndGlobalSection
	GlobalSection(ProjectConfigurationPlatforms) = postSolution
		{ADD1058E-B195-4D8F-A8F8-C06EAB6246C1}.Debug|Any CPU.ActiveCfg = Debug|Any CPU
		{ADD1058E-B195-4D8F-A8F8-C06EAB6246C1}.Debug|Any CPU.Build.0 = Debug|Any CPU
		{ADD1058E-B195-4D8F-A8F8-C06EAB6246C1}.Release|Any CPU.ActiveCfg = Release|Any CPU
		{ADD1058E-B195-4D8F-A8F8-C06EAB6246C1}.Release|Any CPU.Build.0 = Release|Any CPU
	EndGlobalSection
	GlobalSection(SolutionProperties) = preSolution
		HideSolutionNode = FALSE
	EndGlobalSection
	GlobalSection(ExtensibilityGlobals) = postSolution
		SolutionGuid = {47020E94-C948-4C1A-A26C-938BEBD86E90}
	EndGlobalSection
EndGlobal
